{
  "name": "right-track-agency-lirr",
  "version": "0.9.0",
  "lockfileVersion": 1,
  "requires": true,
  "dependencies": {
    "deepmerge": {
      "version": "1.5.2",
      "resolved": "https://registry.npmjs.org/deepmerge/-/deepmerge-1.5.2.tgz",
      "integrity": "sha512-95k0GDqvBjZavkuvzx/YqVLv/6YYa17fz6ILMSf7neqQITCPbnfEnQvEgMPNjH4kgobe7+WIL0yJEHku+H3qtQ=="
    },
    "right-track-agency": {
      "version": "1.0.1",
      "requires": {
        "deepmerge": "2.0.0"
      },
      "dependencies": {
        "deepmerge": {
          "version": "2.0.0",
          "bundled": true
        }
      }
    },
    "right-track-core": {
      "version": "0.9.3",
      "requires": {
        "right-track-db": "1.1.2"
      },
      "dependencies": {
        "right-track-db": {
          "version": "1.1.2",
          "bundled": true
        }
      }
    },
    "right-track-db": {
      "version": "1.1.2"
    }
  }
}
