{
  "name": "right-track-agency-lirr",
  "version": "0.0.1",
  "lockfileVersion": 1,
  "requires": true,
  "dependencies": {
    "deepmerge": {
      "version": "1.5.1",
      "resolved": "https://registry.npmjs.org/deepmerge/-/deepmerge-1.5.1.tgz",
      "integrity": "sha512-Ndl8eeOHB9dQkmT1HWCgY3t0odl4bmWKFzjQZBYAxVTNs2B3nn5b6orimRYHKZ4FI8psvZkA1INRCW6l7vc9lQ=="
    }
  }
}
