{
  "name": "right-track-agency-lirr",
  "version": "0.9.0",
  "lockfileVersion": 1,
  "requires": true,
  "dependencies": {
    "deepmerge": {
      "version": "1.5.1",
      "resolved": "https://registry.npmjs.org/deepmerge/-/deepmerge-1.5.1.tgz",
      "integrity": "sha512-Ndl8eeOHB9dQkmT1HWCgY3t0odl4bmWKFzjQZBYAxVTNs2B3nn5b6orimRYHKZ4FI8psvZkA1INRCW6l7vc9lQ=="
    },
    "right-track-agency-abstract": {
      "version": "1.0.1",
      "requires": {
        "deepmerge": "2.0.0"
      },
      "dependencies": {
        "deepmerge": {
          "version": "2.0.0",
          "bundled": true
        }
      }
    },
    "right-track-core": {
      "version": "0.9.3"
    },
    "right-track-db-abstract": {
      "version": "1.1.1"
    }
  }
}
